
Microsoft Visual Studio Solution File, Format Version 12.00
# Visual Studio Version 17
VisualStudioVersion = 17.4.33213.308
MinimumVisualStudioVersion = 10.0.40219.1
Project("{9A19103F-16F7-4668-BE54-9A1E7A4F7556}") = "BirdMeal", "BirdMeal\BirdMeal.csproj", "{71D544C4-1C6C-4982-99BC-89A95DA1641E}"
EndProject
Project("{9A19103F-16F7-4668-BE54-9A1E7A4F7556}") = "BusinessObjects", "BusinessObjects\BusinessObjects.csproj", "{860DEA88-A20B-469F-9F03-78AE447AC683}"
EndProject
Project("{9A19103F-16F7-4668-BE54-9A1E7A4F7556}") = "DataAccess", "DataAccess\DataAccess.csproj", "{56E9F51A-FAAE-4426-8091-B2F385285AED}"
EndProject
Project("{9A19103F-16F7-4668-BE54-9A1E7A4F7556}") = "Repository", "Repository\Repository.csproj", "{9CB9BB67-477B-4633-BF05-4552DB2FA897}"
EndProject
Project("{9A19103F-16F7-4668-BE54-9A1E7A4F7556}") = "ViewModel", "ViewModel\ViewModel.csproj", "{B4CABB26-3ADE-4DA1-BF4B-DFB0980BD900}"
EndProject
Global
	GlobalSection(SolutionConfigurationPlatforms) = preSolution
		Debug|Any CPU = Debug|Any CPU
		Release|Any CPU = Release|Any CPU
	EndGlobalSection
	GlobalSection(ProjectConfigurationPlatforms) = postSolution
		{71D544C4-1C6C-4982-99BC-89A95DA1641E}.Debug|Any CPU.ActiveCfg = Debug|Any CPU
		{71D544C4-1C6C-4982-99BC-89A95DA1641E}.Debug|Any CPU.Build.0 = Debug|Any CPU
		{71D544C4-1C6C-4982-99BC-89A95DA1641E}.Release|Any CPU.ActiveCfg = Release|Any CPU
		{71D544C4-1C6C-4982-99BC-89A95DA1641E}.Release|Any CPU.Build.0 = Release|Any CPU
		{860DEA88-A20B-469F-9F03-78AE447AC683}.Debug|Any CPU.ActiveCfg = Debug|Any CPU
		{860DEA88-A20B-469F-9F03-78AE447AC683}.Debug|Any CPU.Build.0 = Debug|Any CPU
		{860DEA88-A20B-469F-9F03-78AE447AC683}.Release|Any CPU.ActiveCfg = Release|Any CPU
		{860DEA88-A20B-469F-9F03-78AE447AC683}.Release|Any CPU.Build.0 = Release|Any CPU
		{56E9F51A-FAAE-4426-8091-B2F385285AED}.Debug|Any CPU.ActiveCfg = Debug|Any CPU
		{56E9F51A-FAAE-4426-8091-B2F385285AED}.Debug|Any CPU.Build.0 = Debug|Any CPU
		{56E9F51A-FAAE-4426-8091-B2F385285AED}.Release|Any CPU.ActiveCfg = Release|Any CPU
		{56E9F51A-FAAE-4426-8091-B2F385285AED}.Release|Any CPU.Build.0 = Release|Any CPU
		{9CB9BB67-477B-4633-BF05-4552DB2FA897}.Debug|Any CPU.ActiveCfg = Debug|Any CPU
		{9CB9BB67-477B-4633-BF05-4552DB2FA897}.Debug|Any CPU.Build.0 = Debug|Any CPU
		{9CB9BB67-477B-4633-BF05-4552DB2FA897}.Release|Any CPU.ActiveCfg = Release|Any CPU
		{9CB9BB67-477B-4633-BF05-4552DB2FA897}.Release|Any CPU.Build.0 = Release|Any CPU
		{B4CABB26-3ADE-4DA1-BF4B-DFB0980BD900}.Debug|Any CPU.ActiveCfg = Debug|Any CPU
		{B4CABB26-3ADE-4DA1-BF4B-DFB0980BD900}.Debug|Any CPU.Build.0 = Debug|Any CPU
		{B4CABB26-3ADE-4DA1-BF4B-DFB0980BD900}.Release|Any CPU.ActiveCfg = Release|Any CPU
		{B4CABB26-3ADE-4DA1-BF4B-DFB0980BD900}.Release|Any CPU.Build.0 = Release|Any CPU
	EndGlobalSection
	GlobalSection(SolutionProperties) = preSolution
		HideSolutionNode = FALSE
	EndGlobalSection
	GlobalSection(ExtensibilityGlobals) = postSolution
		SolutionGuid = {5431AC3D-81F8-41BC-9170-7D3A847855EB}
	EndGlobalSection
EndGlobal
